{
  "lockfile_version": "1",
  "packages": {
    "cmake@latest": {
      "last_modified": "2025-03-11T17:52:14Z",
      "resolved": "github:NixOS/nixpkgs/0d534853a55b5d02a4ababa1d71921ce8f0aee4c#cmake",
      "source": "devbox-search",
      "version": "3.31.5",
      "systems": {
        "aarch64-darwin": {
          "outputs": [
            {
              "name": "out",
              "path": "/nix/store/kk8pi5s49dbs5h0ald0w8cd42c4bwnqr-cmake-3.31.5",
              "default": true
            }
          ],
          "store_path": "/nix/store/kk8pi5s49dbs5h0ald0w8cd42c4bwnqr-cmake-3.31.5"
        },
        "aarch64-linux": {
          "outputs": [
            {
              "name": "out",
              "path": "/nix/store/xn9sd8gm81ls18qkgj5qnmfsnqi1p7gm-cmake-3.31.5",
              "default": true
            },
            {
              "name": "debug",
              "path": "/nix/store/7raphg07gdclykxp2d388bf79rqzj8f0-cmake-3.31.5-debug"
            }
          ],
          "store_path": "/nix/store/xn9sd8gm81ls18qkgj5qnmfsnqi1p7gm-cmake-3.31.5"
        },
        "x86_64-darwin": {
          "outputs": [
            {
              "name": "out",
              "path": "/nix/store/p9w37j80q80qid636hpgdwpknmrya75h-cmake-3.31.5",
              "default": true
            }
          ],
          "store_path": "/nix/store/p9w37j80q80qid636hpgdwpknmrya75h-cmake-3.31.5"
        },
        "x86_64-linux": {
          "outputs": [
            {
              "name": "out",
              "path": "/nix/store/j3f4j0i2h5d7h3sbfnlgva8nk0cydvwq-cmake-3.31.5",
              "default": true
            },
            {
              "name": "debug",
              "path": "/nix/store/3szxsv4bcvhkpmvdq6b969lk2r7k7xsz-cmake-3.31.5-debug"
            }
          ],
          "store_path": "/nix/store/j3f4j0i2h5d7h3sbfnlgva8nk0cydvwq-cmake-3.31.5"
        }
      }
    },
    "gcc@latest": {
      "last_modified": "2025-03-11T17:52:14Z",
      "resolved": "github:NixOS/nixpkgs/0d534853a55b5d02a4ababa1d71921ce8f0aee4c#gcc",
      "source": "devbox-search",
      "version": "14-20241116",
      "systems": {
        "aarch64-darwin": {
          "outputs": [
            {
              "name": "out",
              "path": "/nix/store/b3nkhhvaccg2bg3cz7msq9nhd5hz0a1m-gcc-wrapper-14-20241116",
              "default": true
            },
            {
              "name": "man",
              "path": "/nix/store/db5gfkj2dwzhhzmaxiy7xlmdlm1ggxf5-gcc-wrapper-14-20241116-man",
              "default": true
            },
            {
              "name": "info",
              "path": "/nix/store/l0dy1h1kp4plq77mkv5sgqlj27w4mf1d-gcc-wrapper-14-20241116-info"
            }
          ],
          "store_path": "/nix/store/b3nkhhvaccg2bg3cz7msq9nhd5hz0a1m-gcc-wrapper-14-20241116"
        },
        "aarch64-linux": {
          "outputs": [
            {
              "name": "out",
              "path": "/nix/store/ir7ny43iqgll895w0g7gqrl451apdny9-gcc-wrapper-14-20241116",
              "default": true
            },
            {
              "name": "man",
              "path": "/nix/store/xjkxrh8ysb9nynsl9l1i4w3fg38i4wik-gcc-wrapper-14-20241116-man",
              "default": true
            },
            {
              "name": "info",
              "path": "/nix/store/4vxhw7a05bv1p2szw82jhkd9k95f0g4x-gcc-wrapper-14-20241116-info"
            }
          ],
          "store_path": "/nix/store/ir7ny43iqgll895w0g7gqrl451apdny9-gcc-wrapper-14-20241116"
        },
        "x86_64-darwin": {
          "outputs": [
            {
              "name": "out",
              "path": "/nix/store/gap05kipvxfasxdaj4xmx8xyrcqq2jzq-gcc-wrapper-14-20241116",
              "default": true
            },
            {
              "name": "man",
              "path": "/nix/store/7kgks0i9lpaxyzvylckjk5myrr2la789-gcc-wrapper-14-20241116-man",
              "default": true
            },
            {
              "name": "info",
              "path": "/nix/store/zckp7ggmar77ckyx85s9m0qfq6bc8ki9-gcc-wrapper-14-20241116-info"
            }
          ],
          "store_path": "/nix/store/gap05kipvxfasxdaj4xmx8xyrcqq2jzq-gcc-wrapper-14-20241116"
        },
        "x86_64-linux": {
          "outputs": [
            {
              "name": "out",
              "path": "/nix/store/gj9lra51hwhxnhz05jqk5lh03wipamv0-gcc-wrapper-14-20241116",
              "default": true
            },
            {
              "name": "man",
              "path": "/nix/store/mh3g8vwnydf4i9wyar80j0lqczqbpq95-gcc-wrapper-14-20241116-man",
              "default": true
            },
            {
              "name": "info",
              "path": "/nix/store/hcifip97ydvf4nmga57fxfl9ra9pdwl6-gcc-wrapper-14-20241116-info"
            }
          ],
          "store_path": "/nix/store/gj9lra51hwhxnhz05jqk5lh03wipamv0-gcc-wrapper-14-20241116"
        }
      }
    },
    "github:NixOS/nixpkgs/nixpkgs-unstable": {
      "resolved": "github:NixOS/nixpkgs/6c5963357f3c1c840201eda129a99d455074db04?lastModified=1743076231&narHash=sha256-yQugdVfi316qUfqzN8JMaA2vixl%2B45GxNm4oUfXlbgw%3D"
    },
    "uv@latest": {
      "last_modified": "2025-03-26T18:47:43Z",
      "resolved": "github:NixOS/nixpkgs/bd3bac8bfb542dbde7ffffb6987a1a1f9d41699f#uv",
      "source": "devbox-search",
      "version": "0.6.10",
      "systems": {
        "aarch64-darwin": {
          "outputs": [
            {
              "name": "out",
              "path": "/nix/store/mxbd5dskidm87s7pkifn4j999xvgw1l4-uv-0.6.10",
              "default": true
            }
          ],
          "store_path": "/nix/store/mxbd5dskidm87s7pkifn4j999xvgw1l4-uv-0.6.10"
        },
        "aarch64-linux": {
          "outputs": [
            {
              "name": "out",
              "path": "/nix/store/92zlw4nxh07nfbk0pj0ig37bc2j1n72z-uv-0.6.10",
              "default": true
            }
          ],
          "store_path": "/nix/store/92zlw4nxh07nfbk0pj0ig37bc2j1n72z-uv-0.6.10"
        },
        "x86_64-darwin": {
          "outputs": [
            {
              "name": "out",
              "path": "/nix/store/jrv7awaxyr77ksx6fjm7nqrqxx54svg3-uv-0.6.10",
              "default": true
            }
          ],
          "store_path": "/nix/store/jrv7awaxyr77ksx6fjm7nqrqxx54svg3-uv-0.6.10"
        },
        "x86_64-linux": {
          "outputs": [
            {
              "name": "out",
              "path": "/nix/store/jcg8fnn76jdvf3aygbkh350cs9hgr9jb-uv-0.6.10",
              "default": true
            }
          ],
          "store_path": "/nix/store/jcg8fnn76jdvf3aygbkh350cs9hgr9jb-uv-0.6.10"
        }
      }
    },
    "vscode@latest": {
      "last_modified": "2025-03-23T05:31:05Z",
      "resolved": "github:NixOS/nixpkgs/dd613136ee91f67e5dba3f3f41ac99ae89c5406b#vscode",
      "source": "devbox-search",
      "version": "1.98.2",
      "systems": {
        "aarch64-darwin": {
          "outputs": [
            {
              "name": "out",
              "path": "/nix/store/47babdfsakdq3yiisl8wlp9xba38jv78-vscode-1.98.2",
              "default": true
            }
          ],
          "store_path": "/nix/store/47babdfsakdq3yiisl8wlp9xba38jv78-vscode-1.98.2"
        },
        "aarch64-linux": {
          "outputs": [
            {
              "name": "out",
              "path": "/nix/store/hibsjy02nxv203smncr0p1fclg3lf06c-vscode-1.98.2",
              "default": true
            }
          ],
          "store_path": "/nix/store/hibsjy02nxv203smncr0p1fclg3lf06c-vscode-1.98.2"
        },
        "x86_64-darwin": {
          "outputs": [
            {
              "name": "out",
              "path": "/nix/store/f192nilhhvrx62yb0xlgl748d5zdlizw-vscode-1.98.2",
              "default": true
            }
          ],
          "store_path": "/nix/store/f192nilhhvrx62yb0xlgl748d5zdlizw-vscode-1.98.2"
        },
        "x86_64-linux": {
          "outputs": [
            {
              "name": "out",
              "path": "/nix/store/qsq8pyvxvwfwsvhsq6xqw1276hxzvv50-vscode-1.98.2",
              "default": true
            }
          ],
          "store_path": "/nix/store/qsq8pyvxvwfwsvhsq6xqw1276hxzvv50-vscode-1.98.2"
        }
      }
    }
  }
}
